
Microsoft Visual Studio Solution File, Format Version 10.00
# Visual Studio 2008
Project("{FAE04EC0-301F-11D3-BF4B-00C04F79EFBC}") = "ExportDatabaseObjects", "ExportDatabaseObjects\ExportDatabaseObjects.csproj", "{586F50DE-A997-49EB-8366-675D9610E9DF}"
EndProject
Global
	GlobalSection(SolutionConfigurationPlatforms) = preSolution
		Debug|Any CPU = Debug|Any CPU
		Release|Any CPU = Release|Any CPU
	EndGlobalSection
	GlobalSection(ProjectConfigurationPlatforms) = postSolution
		{586F50DE-A997-49EB-8366-675D9610E9DF}.Debug|Any CPU.ActiveCfg = Debug|Any CPU
		{586F50DE-A997-49EB-8366-675D9610E9DF}.Debug|Any CPU.Build.0 = Debug|Any CPU
		{586F50DE-A997-49EB-8366-675D9610E9DF}.Release|Any CPU.ActiveCfg = Release|Any CPU
		{586F50DE-A997-49EB-8366-675D9610E9DF}.Release|Any CPU.Build.0 = Release|Any CPU
	EndGlobalSection
	GlobalSection(SolutionProperties) = preSolution
		HideSolutionNode = FALSE
	EndGlobalSection
EndGlobal
